
Microsoft Visual Studio Solution File, Format Version 12.00
# Visual Studio Version 17
VisualStudioVersion = 17.0.31903.59
MinimumVisualStudioVersion = 10.0.40219.1
Project("{FAE04EC0-301F-11D3-BF4B-00C04F79EFBC}") = "Domain", "Domain\Domain.csproj", "{CD1B6510-E2C9-41B5-B411-2A94A847B8B2}"
EndProject
Project("{2150E333-8FDC-42A3-9474-1A3956D46DE8}") = "Tests", "Tests", "{D9789BA4-813B-4696-8646-C963A4AF2D21}"
EndProject
Project("{FAE04EC0-301F-11D3-BF4B-00C04F79EFBC}") = "UnitTest", "Tests\UnitTest\UnitTest.csproj", "{385A5A91-0FE4-4F57-8589-3CD21F9EC3FB}"
EndProject
Project("{FAE04EC0-301F-11D3-BF4B-00C04F79EFBC}") = "FactoryTest", "Tests\FactoryTest\FactoryTest.csproj", "{83BC9E38-497B-45AA-B8CF-024857BA7250}"
EndProject
Project("{FAE04EC0-301F-11D3-BF4B-00C04F79EFBC}") = "Infrastructure", "Infrastructure\Infrastructure.csproj", "{6073B7DE-E842-4B54-A434-1F1A538463DB}"
EndProject
Project("{FAE04EC0-301F-11D3-BF4B-00C04F79EFBC}") = "Terminal", "Terminal\Terminal.csproj", "{C83E3355-749D-407A-B3D1-BB653861F2ED}"
EndProject
Global
	GlobalSection(SolutionConfigurationPlatforms) = preSolution
		Debug|Any CPU = Debug|Any CPU
		Release|Any CPU = Release|Any CPU
	EndGlobalSection
	GlobalSection(SolutionProperties) = preSolution
		HideSolutionNode = FALSE
	EndGlobalSection
	GlobalSection(ProjectConfigurationPlatforms) = postSolution
		{CD1B6510-E2C9-41B5-B411-2A94A847B8B2}.Debug|Any CPU.ActiveCfg = Debug|Any CPU
		{CD1B6510-E2C9-41B5-B411-2A94A847B8B2}.Debug|Any CPU.Build.0 = Debug|Any CPU
		{CD1B6510-E2C9-41B5-B411-2A94A847B8B2}.Release|Any CPU.ActiveCfg = Release|Any CPU
		{CD1B6510-E2C9-41B5-B411-2A94A847B8B2}.Release|Any CPU.Build.0 = Release|Any CPU
		{385A5A91-0FE4-4F57-8589-3CD21F9EC3FB}.Debug|Any CPU.ActiveCfg = Debug|Any CPU
		{385A5A91-0FE4-4F57-8589-3CD21F9EC3FB}.Debug|Any CPU.Build.0 = Debug|Any CPU
		{385A5A91-0FE4-4F57-8589-3CD21F9EC3FB}.Release|Any CPU.ActiveCfg = Release|Any CPU
		{385A5A91-0FE4-4F57-8589-3CD21F9EC3FB}.Release|Any CPU.Build.0 = Release|Any CPU
		{83BC9E38-497B-45AA-B8CF-024857BA7250}.Debug|Any CPU.ActiveCfg = Debug|Any CPU
		{83BC9E38-497B-45AA-B8CF-024857BA7250}.Debug|Any CPU.Build.0 = Debug|Any CPU
		{83BC9E38-497B-45AA-B8CF-024857BA7250}.Release|Any CPU.ActiveCfg = Release|Any CPU
		{83BC9E38-497B-45AA-B8CF-024857BA7250}.Release|Any CPU.Build.0 = Release|Any CPU
		{6073B7DE-E842-4B54-A434-1F1A538463DB}.Debug|Any CPU.ActiveCfg = Debug|Any CPU
		{6073B7DE-E842-4B54-A434-1F1A538463DB}.Debug|Any CPU.Build.0 = Debug|Any CPU
		{6073B7DE-E842-4B54-A434-1F1A538463DB}.Release|Any CPU.ActiveCfg = Release|Any CPU
		{6073B7DE-E842-4B54-A434-1F1A538463DB}.Release|Any CPU.Build.0 = Release|Any CPU
		{C83E3355-749D-407A-B3D1-BB653861F2ED}.Debug|Any CPU.ActiveCfg = Debug|Any CPU
		{C83E3355-749D-407A-B3D1-BB653861F2ED}.Debug|Any CPU.Build.0 = Debug|Any CPU
		{C83E3355-749D-407A-B3D1-BB653861F2ED}.Release|Any CPU.ActiveCfg = Release|Any CPU
		{C83E3355-749D-407A-B3D1-BB653861F2ED}.Release|Any CPU.Build.0 = Release|Any CPU
	EndGlobalSection
	GlobalSection(NestedProjects) = preSolution
		{385A5A91-0FE4-4F57-8589-3CD21F9EC3FB} = {D9789BA4-813B-4696-8646-C963A4AF2D21}
		{83BC9E38-497B-45AA-B8CF-024857BA7250} = {D9789BA4-813B-4696-8646-C963A4AF2D21}
	EndGlobalSection
EndGlobal
